// !$*UTF8*$!
{
	archiveVersion = 1;
	classes = {
	};
	objectVersion = 50;
	objects = {

/* Begin PBXBuildFile section */
		C9BAED71242BD44C00B39CD3 /* JSONParsing.swift in Sources */ = {isa = PBXBuildFile; fileRef = C9BAED70242BD44C00B39CD3 /* JSONParsing.swift */; };
		C9BAED73242BE0F900B39CD3 /* Weather.swift in Sources */ = {isa = PBXBuildFile; fileRef = C9BAED72242BE0F900B39CD3 /* Weather.swift */; };
		C9CD8D46242AAC970026AFE3 /* AppDelegate.swift in Sources */ = {isa = PBXBuildFile; fileRef = C9CD8D45242AAC970026AFE3 /* AppDelegate.swift */; };
		C9CD8D48242AAC970026AFE3 /* SceneDelegate.swift in Sources */ = {isa = PBXBuildFile; fileRef = C9CD8D47242AAC970026AFE3 /* SceneDelegate.swift */; };
		C9CD8D4A242AAC970026AFE3 /* ViewController.swift in Sources */ = {isa = PBXBuildFile; fileRef = C9CD8D49242AAC970026AFE3 /* ViewController.swift */; };
		C9CD8D4D242AAC970026AFE3 /* Main.storyboard in Resources */ = {isa = PBXBuildFile; fileRef = C9CD8D4B242AAC970026AFE3 /* Main.storyboard */; };
		C9CD8D50242AAC970026AFE3 /* Weather.xcdatamodeld in Sources */ = {isa = PBXBuildFile; fileRef = C9CD8D4E242AAC970026AFE3 /* Weather.xcdatamodeld */; };
		C9CD8D52242AAC9B0026AFE3 /* Assets.xcassets in Resources */ = {isa = PBXBuildFile; fileRef = C9CD8D51242AAC9B0026AFE3 /* Assets.xcassets */; };
		C9CD8D55242AAC9B0026AFE3 /* LaunchScreen.storyboard in Resources */ = {isa = PBXBuildFile; fileRef = C9CD8D53242AAC9B0026AFE3 /* LaunchScreen.storyboard */; };
/* End PBXBuildFile section */

/* Begin PBXFileReference section */
		C9BAED70242BD44C00B39CD3 /* JSONParsing.swift */ = {isa = PBXFileReference; lastKnownFileType = sourcecode.swift; path = JSONParsing.swift; sourceTree = "<group>"; };
		C9BAED72242BE0F900B39CD3 /* Weather.swift */ = {isa = PBXFileReference; lastKnownFileType = sourcecode.swift; path = Weather.swift; sourceTree = "<group>"; };
		C9CD8D42242AAC970026AFE3 /* Weather.app */ = {isa = PBXFileReference; explicitFileType = wrapper.application; includeInIndex = 0; path = Weather.app; sourceTree = BUILT_PRODUCTS_DIR; };
		C9CD8D45242AAC970026AFE3 /* AppDelegate.swift */ = {isa = PBXFileReference; lastKnownFileType = sourcecode.swift; path = AppDelegate.swift; sourceTree = "<group>"; };
		C9CD8D47242AAC970026AFE3 /* SceneDelegate.swift */ = {isa = PBXFileReference; lastKnownFileType = sourcecode.swift; path = SceneDelegate.swift; sourceTree = "<group>"; };
		C9CD8D49242AAC970026AFE3 /* ViewController.swift */ = {isa = PBXFileReference; lastKnownFileType = sourcecode.swift; path = ViewController.swift; sourceTree = "<group>"; };
		C9CD8D4C242AAC970026AFE3 /* Base */ = {isa = PBXFileReference; lastKnownFileType = file.storyboard; name = Base; path = Base.lproj/Main.storyboard; sourceTree = "<group>"; };
		C9CD8D4F242AAC970026AFE3 /* Weather.xcdatamodel */ = {isa = PBXFileReference; lastKnownFileType = wrapper.xcdatamodel; path = Weather.xcdatamodel; sourceTree = "<group>"; };
		C9CD8D51242AAC9B0026AFE3 /* Assets.xcassets */ = {isa = PBXFileReference; lastKnownFileType = folder.assetcatalog; path = Assets.xcassets; sourceTree = "<group>"; };
		C9CD8D54242AAC9B0026AFE3 /* Base */ = {isa = PBXFileReference; lastKnownFileType = file.storyboard; name = Base; path = Base.lproj/LaunchScreen.storyboard; sourceTree = "<group>"; };
		C9CD8D56242AAC9B0026AFE3 /* Info.plist */ = {isa = PBXFileReference; lastKnownFileType = text.plist.xml; path = Info.plist; sourceTree = "<group>"; };
/* End PBXFileReference section */

/* Begin PBXFrameworksBuildPhase section */
		C9CD8D3F242AAC970026AFE3 /* Frameworks */ = {
			isa = PBXFrameworksBuildPhase;
			buildActionMask = 2147483647;
			files = (
			);
			runOnlyForDeploymentPostprocessing = 0;
		};
/* End PBXFrameworksBuildPhase section */

/* Begin PBXGroup section */
		C9CD8D39242AAC960026AFE3 = {
			isa = PBXGroup;
			children = (
				C9CD8D44242AAC970026AFE3 /* Weather */,
				C9CD8D43242AAC970026AFE3 /* Products */,
			);
			sourceTree = "<group>";
		};
		C9CD8D43242AAC970026AFE3 /* Products */ = {
			isa = PBXGroup;
			children = (
				C9CD8D42242AAC970026AFE3 /* Weather.app */,
			);
			name = Products;
			sourceTree = "<group>";
		};
		C9CD8D44242AAC970026AFE3 /* Weather */ = {
			isa = PBXGroup;
			children = (
				C9CD8D45242AAC970026AFE3 /* AppDelegate.swift */,
				C9CD8D47242AAC970026AFE3 /* SceneDelegate.swift */,
				C9CD8D49242AAC970026AFE3 /* ViewController.swift */,
				C9CD8D4B242AAC970026AFE3 /* Main.storyboard */,
				C9CD8D51242AAC9B0026AFE3 /* Assets.xcassets */,
				C9CD8D53242AAC9B0026AFE3 /* LaunchScreen.storyboard */,
				C9CD8D56242AAC9B0026AFE3 /* Info.plist */,
				C9CD8D4E242AAC970026AFE3 /* Weather.xcdatamodeld */,
				C9BAED70242BD44C00B39CD3 /* JSONParsing.swift */,
				C9BAED72242BE0F900B39CD3 /* Weather.swift */,
			);
			path = Weather;
			sourceTree = "<group>";
		};
/* End PBXGroup section */

/* Begin PBXNativeTarget section */
		C9CD8D41242AAC970026AFE3 /* Weather */ = {
			isa = PBXNativeTarget;
			buildConfigurationList = C9CD8D59242AAC9B0026AFE3 /* Build configuration list for PBXNativeTarget "Weather" */;
			buildPhases = (
				C9CD8D3E242AAC970026AFE3 /* Sources */,
				C9CD8D3F242AAC970026AFE3 /* Frameworks */,
				C9CD8D40242AAC970026AFE3 /* Resources */,
			);
			buildRules = (
			);
			dependencies = (
			);
			name = Weather;
			productName = Weather;
			productReference = C9CD8D42242AAC970026AFE3 /* Weather.app */;
			productType = "com.apple.product-type.application";
		};
/* End PBXNativeTarget section */

/* Begin PBXProject section */
		C9CD8D3A242AAC960026AFE3 /* Project object */ = {
			isa = PBXProject;
			attributes = {
				LastSwiftUpdateCheck = 1130;
				LastUpgradeCheck = 1130;
				ORGANIZATIONNAME = "Cesar Tesen";
				TargetAttributes = {
					C9CD8D41242AAC970026AFE3 = {
						CreatedOnToolsVersion = 11.3.1;
					};
				};
			};
			buildConfigurationList = C9CD8D3D242AAC960026AFE3 /* Build configuration list for PBXProject "Weather" */;
			compatibilityVersion = "Xcode 9.3";
			developmentRegion = en;
			hasScannedForEncodings = 0;
			knownRegions = (
				en,
				Base,
			);
			mainGroup = C9CD8D39242AAC960026AFE3;
			productRefGroup = C9CD8D43242AAC970026AFE3 /* Products */;
			projectDirPath = "";
			projectRoot = "";
			targets = (
				C9CD8D41242AAC970026AFE3 /* Weather */,
			);
		};
/* End PBXProject section */

/* Begin PBXResourcesBuildPhase section */
		C9CD8D40242AAC970026AFE3 /* Resources */ = {
			isa = PBXResourcesBuildPhase;
			buildActionMask = 2147483647;
			files = (
				C9CD8D55242AAC9B0026AFE3 /* LaunchScreen.storyboard in Resources */,
				C9CD8D52242AAC9B0026AFE3 /* Assets.xcassets in Resources */,
				C9CD8D4D242AAC970026AFE3 /* Main.storyboard in Resources */,
			);
			runOnlyForDeploymentPostprocessing = 0;
		};
/* End PBXResourcesBuildPhase section */

/* Begin PBXSourcesBuildPhase section */
		C9CD8D3E242AAC970026AFE3 /* Sources */ = {
			isa = PBXSourcesBuildPhase;
			buildActionMask = 2147483647;
			files = (
				C9CD8D50242AAC970026AFE3 /* Weather.xcdatamodeld in Sources */,
				C9BAED71242BD44C00B39CD3 /* JSONParsing.swift in Sources */,
				C9CD8D4A242AAC970026AFE3 /* ViewController.swift in Sources */,
				C9CD8D46242AAC970026AFE3 /* AppDelegate.swift in Sources */,
				C9CD8D48242AAC970026AFE3 /* SceneDelegate.swift in Sources */,
				C9BAED73242BE0F900B39CD3 /* Weather.swift in Sources */,
			);
			runOnlyForDeploymentPostprocessing = 0;
		};
/* End PBXSourcesBuildPhase section */

/* Begin PBXVariantGroup section */
		C9CD8D4B242AAC970026AFE3 /* Main.storyboard */ = {
			isa = PBXVariantGroup;
			children = (
				C9CD8D4C242AAC970026AFE3 /* Base */,
			);
			name = Main.storyboard;
			sourceTree = "<group>";
		};
		C9CD8D53242AAC9B0026AFE3 /* LaunchScreen.storyboard */ = {
			isa = PBXVariantGroup;
			children = (
				C9CD8D54242AAC9B0026AFE3 /* Base */,
			);
			name = LaunchScreen.storyboard;
			sourceTree = "<group>";
		};
/* End PBXVariantGroup section */

/* Begin XCBuildConfiguration section */
		C9CD8D57242AAC9B0026AFE3 /* Debug */ = {
			isa = XCBuildConfiguration;
			buildSettings = {
				ALWAYS_SEARCH_USER_PATHS = NO;
				CLANG_ANALYZER_NONNULL = YES;
				CLANG_ANALYZER_NUMBER_OBJECT_CONVERSION = YES_AGGRESSIVE;
				CLANG_CXX_LANGUAGE_STANDARD = "gnu++14";
				CLANG_CXX_LIBRARY = "libc++";
				CLANG_ENABLE_MODULES = YES;
				CLANG_ENABLE_OBJC_ARC = YES;
				CLANG_ENABLE_OBJC_WEAK = YES;
				CLANG_WARN_BLOCK_CAPTURE_AUTORELEASING = YES;
				CLANG_WARN_BOOL_CONVERSION = YES;
				CLANG_WARN_COMMA = YES;
				CLANG_WARN_CONSTANT_CONVERSION = YES;
				CLANG_WARN_DEPRECATED_OBJC_IMPLEMENTATIONS = YES;
				CLANG_WARN_DIRECT_OBJC_ISA_USAGE = YES_ERROR;
				CLANG_WARN_DOCUMENTATION_COMMENTS = YES;
				CLANG_WARN_EMPTY_BODY = YES;
				CLANG_WARN_ENUM_CONVERSION = YES;
				CLANG_WARN_INFINITE_RECURSION = YES;
				CLANG_WARN_INT_CONVERSION = YES;
				CLANG_WARN_NON_LITERAL_NULL_CONVERSION = YES;
				CLANG_WARN_OBJC_IMPLICIT_RETAIN_SELF = YES;
				CLANG_WARN_OBJC_LITERAL_CONVERSION = YES;
				CLANG_WARN_OBJC_ROOT_CLASS = YES_ERROR;
				CLANG_WARN_RANGE_LOOP_ANALYSIS = YES;
				CLANG_WARN_STRICT_PROTOTYPES = YES;
				CLANG_WARN_SUSPICIOUS_MOVE = YES;
				CLANG_WARN_UNGUARDED_AVAILABILITY = YES_AGGRESSIVE;
				CLANG_WARN_UNREACHABLE_CODE = YES;
				CLANG_WARN__DUPLICATE_METHOD_MATCH = YES;
				COPY_PHASE_STRIP = NO;
				DEBUG_INFORMATION_FORMAT = dwarf;
				ENABLE_STRICT_OBJC_MSGSEND = YES;
				ENABLE_TESTABILITY = YES;
				GCC_C_LANGUAGE_STANDARD = gnu11;
				GCC_DYNAMIC_NO_PIC = NO;
				GCC_NO_COMMON_BLOCKS = YES;
				GCC_OPTIMIZATION_LEVEL = 0;
				GCC_PREPROCESSOR_DEFINITIONS = (
					"DEBUG=1",
					"$(inherited)",
				);
				GCC_WARN_64_TO_32_BIT_CONVERSION = YES;
				GCC_WARN_ABOUT_RETURN_TYPE = YES_ERROR;
				GCC_WARN_UNDECLARED_SELECTOR = YES;
				GCC_WARN_UNINITIALIZED_AUTOS = YES_AGGRESSIVE;
				GCC_WARN_UNUSED_FUNCTION = YES;
				GCC_WARN_UNUSED_VARIABLE = YES;
				IPHONEOS_DEPLOYMENT_TARGET = 13.2;
				MTL_ENABLE_DEBUG_INFO = INCLUDE_SOURCE;
				MTL_FAST_MATH = YES;
				ONLY_ACTIVE_ARCH = YES;
				SDKROOT = iphoneos;
				SWIFT_ACTIVE_COMPILATION_CONDITIONS = DEBUG;
				SWIFT_OPTIMIZATION_LEVEL = "-Onone";
			};
			name = Debug;
		};
		C9CD8D58242AAC9B0026AFE3 /* Release */ = {
			isa = XCBuildConfiguration;
			buildSettings = {
				ALWAYS_SEARCH_USER_PATHS = NO;
				CLANG_ANALYZER_NONNULL = YES;
				CLANG_ANALYZER_NUMBER_OBJECT_CONVERSION = YES_AGGRESSIVE;
				CLANG_CXX_LANGUAGE_STANDARD = "gnu++14";
				CLANG_CXX_LIBRARY = "libc++";
				CLANG_ENABLE_MODULES = YES;
				CLANG_ENABLE_OBJC_ARC = YES;
				CLANG_ENABLE_OBJC_WEAK = YES;
				CLANG_WARN_BLOCK_CAPTURE_AUTORELEASING = YES;
				CLANG_WARN_BOOL_CONVERSION = YES;
				CLANG_WARN_COMMA = YES;
				CLANG_WARN_CONSTANT_CONVERSION = YES;
				CLANG_WARN_DEPRECATED_OBJC_IMPLEMENTATIONS = YES;
				CLANG_WARN_DIRECT_OBJC_ISA_USAGE = YES_ERROR;
				CLANG_WARN_DOCUMENTATION_COMMENTS = YES;
				CLANG_WARN_EMPTY_BODY = YES;
				CLANG_WARN_ENUM_CONVERSION = YES;
				CLANG_WARN_INFINITE_RECURSION = YES;
				CLANG_WARN_INT_CONVERSION = YES;
				CLANG_WARN_NON_LITERAL_NULL_CONVERSION = YES;
				CLANG_WARN_OBJC_IMPLICIT_RETAIN_SELF = YES;
				CLANG_WARN_OBJC_LITERAL_CONVERSION = YES;
				CLANG_WARN_OBJC_ROOT_CLASS = YES_ERROR;
				CLANG_WARN_RANGE_LOOP_ANALYSIS = YES;
				CLANG_WARN_STRICT_PROTOTYPES = YES;
				CLANG_WARN_SUSPICIOUS_MOVE = YES;
				CLANG_WARN_UNGUARDED_AVAILABILITY = YES_AGGRESSIVE;
				CLANG_WARN_UNREACHABLE_CODE = YES;
				CLANG_WARN__DUPLICATE_METHOD_MATCH = YES;
				COPY_PHASE_STRIP = NO;
				DEBUG_INFORMATION_FORMAT = "dwarf-with-dsym";
				ENABLE_NS_ASSERTIONS = NO;
				ENABLE_STRICT_OBJC_MSGSEND = YES;
				GCC_C_LANGUAGE_STANDARD = gnu11;
				GCC_NO_COMMON_BLOCKS = YES;
				GCC_WARN_64_TO_32_BIT_CONVERSION = YES;
				GCC_WARN_ABOUT_RETURN_TYPE = YES_ERROR;
				GCC_WARN_UNDECLARED_SELECTOR = YES;
				GCC_WARN_UNINITIALIZED_AUTOS = YES_AGGRESSIVE;
				GCC_WARN_UNUSED_FUNCTION = YES;
				GCC_WARN_UNUSED_VARIABLE = YES;
				IPHONEOS_DEPLOYMENT_TARGET = 13.2;
				MTL_ENABLE_DEBUG_INFO = NO;
				MTL_FAST_MATH = YES;
				SDKROOT = iphoneos;
				SWIFT_COMPILATION_MODE = wholemodule;
				SWIFT_OPTIMIZATION_LEVEL = "-O";
				VALIDATE_PRODUCT = YES;
			};
			name = Release;
		};
		C9CD8D5A242AAC9B0026AFE3 /* Debug */ = {
			isa = XCBuildConfiguration;
			buildSettings = {
				ASSETCATALOG_COMPILER_APPICON_NAME = AppIcon;
				CODE_SIGN_STYLE = Automatic;
				DEVELOPMENT_TEAM = 7X3JP9W955;
				INFOPLIST_FILE = Weather/Info.plist;
				LD_RUNPATH_SEARCH_PATHS = (
					"$(inherited)",
					"@executable_path/Frameworks",
				);
				PRODUCT_BUNDLE_IDENTIFIER = Ceez.Weather;
				PRODUCT_NAME = "$(TARGET_NAME)";
				SWIFT_VERSION = 5.0;
				TARGETED_DEVICE_FAMILY = "1,2";
			};
			name = Debug;
		};
		C9CD8D5B242AAC9B0026AFE3 /* Release */ = {
			isa = XCBuildConfiguration;
			buildSettings = {
				ASSETCATALOG_COMPILER_APPICON_NAME = AppIcon;
				CODE_SIGN_STYLE = Automatic;
				DEVELOPMENT_TEAM = 7X3JP9W955;
				INFOPLIST_FILE = Weather/Info.plist;
				LD_RUNPATH_SEARCH_PATHS = (
					"$(inherited)",
					"@executable_path/Frameworks",
				);
				PRODUCT_BUNDLE_IDENTIFIER = Ceez.Weather;
				PRODUCT_NAME = "$(TARGET_NAME)";
				SWIFT_VERSION = 5.0;
				TARGETED_DEVICE_FAMILY = "1,2";
			};
			name = Release;
		};
/* End XCBuildConfiguration section */

/* Begin XCConfigurationList section */
		C9CD8D3D242AAC960026AFE3 /* Build configuration list for PBXProject "Weather" */ = {
			isa = XCConfigurationList;
			buildConfigurations = (
				C9CD8D57242AAC9B0026AFE3 /* Debug */,
				C9CD8D58242AAC9B0026AFE3 /* Release */,
			);
			defaultConfigurationIsVisible = 0;
			defaultConfigurationName = Release;
		};
		C9CD8D59242AAC9B0026AFE3 /* Build configuration list for PBXNativeTarget "Weather" */ = {
			isa = XCConfigurationList;
			buildConfigurations = (
				C9CD8D5A242AAC9B0026AFE3 /* Debug */,
				C9CD8D5B242AAC9B0026AFE3 /* Release */,
			);
			defaultConfigurationIsVisible = 0;
			defaultConfigurationName = Release;
		};
/* End XCConfigurationList section */

/* Begin XCVersionGroup section */
		C9CD8D4E242AAC970026AFE3 /* Weather.xcdatamodeld */ = {
			isa = XCVersionGroup;
			children = (
				C9CD8D4F242AAC970026AFE3 /* Weather.xcdatamodel */,
			);
			currentVersion = C9CD8D4F242AAC970026AFE3 /* Weather.xcdatamodel */;
			path = Weather.xcdatamodeld;
			sourceTree = "<group>";
			versionGroupType = wrapper.xcdatamodel;
		};
/* End XCVersionGroup section */
	};
	rootObject = C9CD8D3A242AAC960026AFE3 /* Project object */;
}
